
Microsoft Visual Studio Solution File, Format Version 12.00
# Visual Studio 15
VisualStudioVersion = 15.0.28307.1585
MinimumVisualStudioVersion = 10.0.40219.1
Project("{FAE04EC0-301F-11D3-BF4B-00C04F79EFBC}") = "SAT.UI.MVC", "SAT.UI.MVC\SAT.UI.MVC.csproj", "{36823119-FA7B-4CE0-8876-E39EAD3FDC5A}"
EndProject
Project("{FAE04EC0-301F-11D3-BF4B-00C04F79EFBC}") = "SAT.DATA.EF", "SAT.DATA.EF\SAT.DATA.EF.csproj", "{339E3A8D-9515-452A-9B2E-BE71490CDC6C}"
EndProject
Global
	GlobalSection(SolutionConfigurationPlatforms) = preSolution
		Debug|Any CPU = Debug|Any CPU
		Release|Any CPU = Release|Any CPU
	EndGlobalSection
	GlobalSection(ProjectConfigurationPlatforms) = postSolution
		{36823119-FA7B-4CE0-8876-E39EAD3FDC5A}.Debug|Any CPU.ActiveCfg = Debug|Any CPU
		{36823119-FA7B-4CE0-8876-E39EAD3FDC5A}.Debug|Any CPU.Build.0 = Debug|Any CPU
		{36823119-FA7B-4CE0-8876-E39EAD3FDC5A}.Release|Any CPU.ActiveCfg = Release|Any CPU
		{36823119-FA7B-4CE0-8876-E39EAD3FDC5A}.Release|Any CPU.Build.0 = Release|Any CPU
		{339E3A8D-9515-452A-9B2E-BE71490CDC6C}.Debug|Any CPU.ActiveCfg = Debug|Any CPU
		{339E3A8D-9515-452A-9B2E-BE71490CDC6C}.Debug|Any CPU.Build.0 = Debug|Any CPU
		{339E3A8D-9515-452A-9B2E-BE71490CDC6C}.Release|Any CPU.ActiveCfg = Release|Any CPU
		{339E3A8D-9515-452A-9B2E-BE71490CDC6C}.Release|Any CPU.Build.0 = Release|Any CPU
	EndGlobalSection
	GlobalSection(SolutionProperties) = preSolution
		HideSolutionNode = FALSE
	EndGlobalSection
	GlobalSection(ExtensibilityGlobals) = postSolution
		SolutionGuid = {E0CCE7E7-CAD8-45B1-8B3C-89600A6E6D49}
	EndGlobalSection
EndGlobal
